<Solution>
  <Project Path="AgrupadorConceptos/AgrupadorConceptos.csproj" />
  <Project Path="ArcaCliente/ArcaCliente.csproj" />
  <Project Path="Conciliador.Comun/Conciliador.Comun.csproj" />
  <Project Path="ConciliadorContable/ConciliadorContable.csproj" />
  <Project Path="LiquidacionesAuditar/LiquidacionesAuditar.csproj" Id="9112ca7f-5526-43bf-abe2-365e18c5cf79" />
</Solution>
